Microsoft Visual Studio Solution File, Format Version 8.00
Project("{FAE04EC0-301F-11D3-BF4B-00C04F79EFBC}") = "PeerMessenger", "PeerMessenger\PeerMessenger.csproj", "{1A41700F-67F4-4122-A15A-48F2CDFA519B}"
	ProjectSection(ProjectDependencies) = postProject
	EndProjectSection
EndProject
Project("{54435603-DBB4-11D2-8724-00A0C9A8B90C}") = "PeerMessengerSetup", "PeerMessengerSetup\PeerMessengerSetup.vdproj", "{35F5ABDA-5C84-4377-A8E3-F1FC7141A347}"
	ProjectSection(ProjectDependencies) = postProject
	EndProjectSection
EndProject
Global
	GlobalSection(SolutionConfiguration) = preSolution
		Debug = Debug
		Release = Release
	EndGlobalSection
	GlobalSection(ProjectConfiguration) = postSolution
		{1A41700F-67F4-4122-A15A-48F2CDFA519B}.Debug.ActiveCfg = Debug|.NET
		{1A41700F-67F4-4122-A15A-48F2CDFA519B}.Debug.Build.0 = Debug|.NET
		{1A41700F-67F4-4122-A15A-48F2CDFA519B}.Release.ActiveCfg = Release|.NET
		{1A41700F-67F4-4122-A15A-48F2CDFA519B}.Release.Build.0 = Release|.NET
		{35F5ABDA-5C84-4377-A8E3-F1FC7141A347}.Debug.ActiveCfg = Debug
		{35F5ABDA-5C84-4377-A8E3-F1FC7141A347}.Release.ActiveCfg = Release
	EndGlobalSection
	GlobalSection(ExtensibilityGlobals) = postSolution
	EndGlobalSection
	GlobalSection(ExtensibilityAddIns) = postSolution
	EndGlobalSection
EndGlobal
